
Microsoft Visual Studio Solution File, Format Version 11.00
# Visual Studio 2010
Project("{FAE04EC0-301F-11D3-BF4B-00C04F79EFBC}") = "Assembly-CSharp", "Assembly-CSharp.csproj", "{505d7568-0f41-39fa-2c8f-8fce9660ee2b}"
EndProject
Project("{FAE04EC0-301F-11D3-BF4B-00C04F79EFBC}") = "Assembly-CSharp-Editor", "Assembly-CSharp-Editor.csproj", "{d31bb716-542f-b925-35e4-48ed56c36e7f}"
EndProject
Global
	GlobalSection(SolutionConfigurationPlatforms) = preSolution
		Debug|Any CPU = Debug|Any CPU
	EndGlobalSection
	GlobalSection(ProjectConfigurationPlatforms) = postSolution
		{505d7568-0f41-39fa-2c8f-8fce9660ee2b}.Debug|Any CPU.ActiveCfg = Debug|Any CPU
		{505d7568-0f41-39fa-2c8f-8fce9660ee2b}.Debug|Any CPU.Build.0 = Debug|Any CPU
		{d31bb716-542f-b925-35e4-48ed56c36e7f}.Debug|Any CPU.ActiveCfg = Debug|Any CPU
		{d31bb716-542f-b925-35e4-48ed56c36e7f}.Debug|Any CPU.Build.0 = Debug|Any CPU
	EndGlobalSection
	GlobalSection(SolutionProperties) = preSolution
		HideSolutionNode = FALSE
	EndGlobalSection
EndGlobal
